{
  "requires": true,
  "lockfileVersion": 1,
  "dependencies": {
    "acorn": {
      "version": "7.4.1",
      "resolved": "https://registry.npmmirror.com/acorn/download/acorn-7.4.1.tgz?cache=0&sync_timestamp=1637225499069&other_urls=https%3A%2F%2Fregistry.npmmirror.com%2Facorn%2Fdownload%2Facorn-7.4.1.tgz",
      "integrity": "sha1-/q7SVZc9LndVW4PbwIhRpsY1IPo="
    },
    "base64-js": {
      "version": "1.5.1",
      "resolved": "https://registry.nlark.com/base64-js/download/base64-js-1.5.1.tgz?cache=0&sync_timestamp=1624607950711&other_urls=https%3A%2F%2Fregistry.nlark.com%2Fbase64-js%2Fdownload%2Fbase64-js-1.5.1.tgz",
      "integrity": "sha1-GxtEAWClv3rUC2UPCVljSBkDkwo="
    },
    "core-js": {
      "version": "3.20.0",
      "resolved": "https://registry.npmmirror.com/core-js/download/core-js-3.20.0.tgz",
      "integrity": "sha512-KjbKU7UEfg4YPpskMtMXPhUKn7m/1OdTHTVjy09ScR2LVaoUXe8Jh0UdvN2EKUR6iKTJph52SJP95mAB0MnVLQ=="
    },
    "crypto-js": {
      "version": "4.1.1",
      "resolved": "https://registry.npmmirror.com/crypto-js/download/crypto-js-4.1.1.tgz",
      "integrity": "sha512-o2JlM7ydqd3Qk9CA0L4NL6mTzU2sdx96a+oOfPu8Mkl/PK51vSyoi8/rQ8NknZtk44vq15lmhAj9CIAGwgeWKw=="
    },
    "oidc-client": {
      "version": "1.11.5",
      "resolved": "https://registry.nlark.com/oidc-client/download/oidc-client-1.11.5.tgz",
      "integrity": "sha1-Agqhk9aKPh+Hok/L9QBztzjekrs=",
      "requires": {
        "acorn": "^7.4.1",
        "base64-js": "^1.5.1",
        "core-js": "^3.8.3",
        "crypto-js": "^4.0.0",
        "serialize-javascript": "^4.0.0"
      }
    },
    "randombytes": {
      "version": "2.1.0",
      "resolved": "https://registry.npm.taobao.org/randombytes/download/randombytes-2.1.0.tgz",
      "integrity": "sha1-32+ENy8CcNxlzfYpE0mrekc9Tyo=",
      "requires": {
        "safe-buffer": "^5.1.0"
      }
    },
    "safe-buffer": {
      "version": "5.2.1",
      "resolved": "https://registry.npm.taobao.org/safe-buffer/download/safe-buffer-5.2.1.tgz",
      "integrity": "sha1-Hq+fqb2x/dTsdfWPnNtOa3gn7sY="
    },
    "serialize-javascript": {
      "version": "4.0.0",
      "resolved": "https://registry.nlark.com/serialize-javascript/download/serialize-javascript-4.0.0.tgz?cache=0&sync_timestamp=1624608021459&other_urls=https%3A%2F%2Fregistry.nlark.com%2Fserialize-javascript%2Fdownload%2Fserialize-javascript-4.0.0.tgz",
      "integrity": "sha1-tSXhI4SJpez8Qq+sw/6Z5mb0sao=",
      "requires": {
        "randombytes": "^2.1.0"
      }
    }
  }
}
