
Microsoft Visual Studio Solution File, Format Version 12.00
# Visual Studio Version 17
VisualStudioVersion = 17.3.32901.215
MinimumVisualStudioVersion = 10.0.40219.1
Project("{9A19103F-16F7-4668-BE54-9A1E7A4F7556}") = "TrueCredit.Auth.Server", "TrueCredit.Auth.Server\TrueCredit.Auth.Server.csproj", "{62950340-7636-43E8-8DE2-DD75ED44204A}"
EndProject
Project("{FAE04EC0-301F-11D3-BF4B-00C04F79EFBC}") = "TestApi1", "TestApi1\TestApi1.csproj", "{E57F53E7-F010-405B-935A-7DF940D18AB9}"
EndProject
Global
	GlobalSection(SolutionConfigurationPlatforms) = preSolution
		Debug|Any CPU = Debug|Any CPU
		Release|Any CPU = Release|Any CPU
	EndGlobalSection
	GlobalSection(ProjectConfigurationPlatforms) = postSolution
		{62950340-7636-43E8-8DE2-DD75ED44204A}.Debug|Any CPU.ActiveCfg = Debug|Any CPU
		{62950340-7636-43E8-8DE2-DD75ED44204A}.Debug|Any CPU.Build.0 = Debug|Any CPU
		{62950340-7636-43E8-8DE2-DD75ED44204A}.Release|Any CPU.ActiveCfg = Release|Any CPU
		{62950340-7636-43E8-8DE2-DD75ED44204A}.Release|Any CPU.Build.0 = Release|Any CPU
		{E57F53E7-F010-405B-935A-7DF940D18AB9}.Debug|Any CPU.ActiveCfg = Debug|Any CPU
		{E57F53E7-F010-405B-935A-7DF940D18AB9}.Debug|Any CPU.Build.0 = Debug|Any CPU
		{E57F53E7-F010-405B-935A-7DF940D18AB9}.Release|Any CPU.ActiveCfg = Release|Any CPU
		{E57F53E7-F010-405B-935A-7DF940D18AB9}.Release|Any CPU.Build.0 = Release|Any CPU
	EndGlobalSection
	GlobalSection(SolutionProperties) = preSolution
		HideSolutionNode = FALSE
	EndGlobalSection
	GlobalSection(ExtensibilityGlobals) = postSolution
		SolutionGuid = {05EBFF0C-B459-4EDF-B04B-D4BA8257588A}
	EndGlobalSection
EndGlobal
